
Microsoft Visual Studio Solution File, Format Version 12.00
# Visual Studio 2013
VisualStudioVersion = 12.0.31101.0
MinimumVisualStudioVersion = 10.0.40219.1
Project("{CC5FD16D-436D-48AD-A40C-5A424C6E3E79}") = "ProgrammingAssignment2Cloud", "ProgrammingAssignment2Cloud\ProgrammingAssignment2Cloud.ccproj", "{B32D3F11-A0DB-4502-A06D-18CAA463CDED}"
EndProject
Project("{FAE04EC0-301F-11D3-BF4B-00C04F79EFBC}") = "WebRole1", "WebRole1\WebRole1.csproj", "{49178A3B-2884-4F8B-90D7-184425678E37}"
EndProject
Global
	GlobalSection(SolutionConfigurationPlatforms) = preSolution
		Debug|Any CPU = Debug|Any CPU
		Release|Any CPU = Release|Any CPU
	EndGlobalSection
	GlobalSection(ProjectConfigurationPlatforms) = postSolution
		{B32D3F11-A0DB-4502-A06D-18CAA463CDED}.Debug|Any CPU.ActiveCfg = Debug|Any CPU
		{B32D3F11-A0DB-4502-A06D-18CAA463CDED}.Debug|Any CPU.Build.0 = Debug|Any CPU
		{B32D3F11-A0DB-4502-A06D-18CAA463CDED}.Release|Any CPU.ActiveCfg = Release|Any CPU
		{B32D3F11-A0DB-4502-A06D-18CAA463CDED}.Release|Any CPU.Build.0 = Release|Any CPU
		{49178A3B-2884-4F8B-90D7-184425678E37}.Debug|Any CPU.ActiveCfg = Debug|Any CPU
		{49178A3B-2884-4F8B-90D7-184425678E37}.Debug|Any CPU.Build.0 = Debug|Any CPU
		{49178A3B-2884-4F8B-90D7-184425678E37}.Release|Any CPU.ActiveCfg = Release|Any CPU
		{49178A3B-2884-4F8B-90D7-184425678E37}.Release|Any CPU.Build.0 = Release|Any CPU
	EndGlobalSection
	GlobalSection(SolutionProperties) = preSolution
		HideSolutionNode = FALSE
	EndGlobalSection
EndGlobal
